{
  "nodes": {
    "dunai": {
      "flake": false,
      "locked": {
        "lastModified": 1697953999,
        "narHash": "sha256-YShK6gQ5VSJVa/vVaTdDZ2lddPWWKaF2b3a9i+aQp60=",
        "owner": "ivanperez-keera",
        "repo": "dunai",
        "rev": "d06fde9b289cc1d9792c43fac3dcb26524d9ed22",
        "type": "github"
      },
      "original": {
        "owner": "ivanperez-keera",
        "repo": "dunai",
        "type": "github"
      }
    },
    "nix-filter": {
      "locked": {
        "lastModified": 1694857738,
        "narHash": "sha256-bxxNyLHjhu0N8T3REINXQ2ZkJco0ABFPn6PIe2QUfqo=",
        "owner": "numtide",
        "repo": "nix-filter",
        "rev": "41fd48e00c22b4ced525af521ead8792402de0ea",
        "type": "github"
      },
      "original": {
        "owner": "numtide",
        "repo": "nix-filter",
        "type": "github"
      }
    },
    "nixpkgs": {
      "locked": {
        "lastModified": 1700390070,
        "narHash": "sha256-de9KYi8rSJpqvBfNwscWdalIJXPo8NjdIZcEJum1mH0=",
        "owner": "nixos",
        "repo": "nixpkgs",
        "rev": "e4ad989506ec7d71f7302cc3067abd82730a4beb",
        "type": "github"
      },
      "original": {
        "owner": "nixos",
        "ref": "nixos-unstable",
        "repo": "nixpkgs",
        "type": "github"
      }
    },
    "rhine": {
      "flake": false,
      "locked": {
        "lastModified": 1699711338,
        "narHash": "sha256-F/bzgmzHFbwncO9v7pVRRA5ItHo6hqTfRnnJCAB2D8I=",
        "owner": "ners",
        "repo": "rhine",
        "rev": "66bd71b1b271312b41e9c6d754a1ae921de34261",
        "type": "github"
      },
      "original": {
        "owner": "ners",
        "ref": "dunai-0.12",
        "repo": "rhine",
        "type": "github"
      }
    },
    "root": {
      "inputs": {
        "dunai": "dunai",
        "nix-filter": "nix-filter",
        "nixpkgs": "nixpkgs",
        "rhine": "rhine",
        "streamdeck": "streamdeck"
      }
    },
    "streamdeck": {
      "flake": false,
      "locked": {
        "lastModified": 1700507556,
        "narHash": "sha256-QS5PPkA9iWSET+WNCaN006apyj4cD45p2Th2lBE9c+s=",
        "owner": "Linschlager",
        "repo": "haskell-streamdeck",
        "rev": "d61d59cc3dff3727fe39f5e0c4e03d5b3a1e3127",
        "type": "github"
      },
      "original": {
        "owner": "Linschlager",
        "repo": "haskell-streamdeck",
        "type": "github"
      }
    }
  },
  "root": "root",
  "version": 7
}
